
Microsoft Visual Studio Solution File, Format Version 12.00
# Visual Studio Version 17
VisualStudioVersion = 17.13.35825.156 d17.13
MinimumVisualStudioVersion = 10.0.40219.1
Project("{FAE04EC0-301F-11D3-BF4B-00C04F79EFBC}") = "APIMIRAI_Construcciones", "APIMIRAI_Construcciones\APIMIRAI_Construcciones.csproj", "{F7F5AAAC-7C8F-4403-AFEF-61B45CDD823F}"
EndProject
Global
	GlobalSection(SolutionConfigurationPlatforms) = preSolution
		Debug|Any CPU = Debug|Any CPU
		Release|Any CPU = Release|Any CPU
	EndGlobalSection
	GlobalSection(ProjectConfigurationPlatforms) = postSolution
		{F7F5AAAC-7C8F-4403-AFEF-61B45CDD823F}.Debug|Any CPU.ActiveCfg = Debug|Any CPU
		{F7F5AAAC-7C8F-4403-AFEF-61B45CDD823F}.Debug|Any CPU.Build.0 = Debug|Any CPU
		{F7F5AAAC-7C8F-4403-AFEF-61B45CDD823F}.Release|Any CPU.ActiveCfg = Release|Any CPU
		{F7F5AAAC-7C8F-4403-AFEF-61B45CDD823F}.Release|Any CPU.Build.0 = Release|Any CPU
	EndGlobalSection
	GlobalSection(SolutionProperties) = preSolution
		HideSolutionNode = FALSE
	EndGlobalSection
	GlobalSection(ExtensibilityGlobals) = postSolution
		SolutionGuid = {ABA257ED-798F-49C7-AA50-E0029AE23CF2}
	EndGlobalSection
EndGlobal
